
Microsoft Visual Studio Solution File, Format Version 12.00
# Visual Studio Version 16
VisualStudioVersion = 16.0.31321.278
MinimumVisualStudioVersion = 10.0.40219.1
Project("{2150E333-8FDC-42A3-9474-1A3956D46DE8}") = "ShopManagement", "ShopManagement", "{CD826D33-4931-454E-A316-43E7DDD07909}"
EndProject
Project("{2150E333-8FDC-42A3-9474-1A3956D46DE8}") = "SM.Domain", "SM.Domain", "{5DCF0964-7272-4777-B9D1-27533AD600F2}"
EndProject
Project("{9A19103F-16F7-4668-BE54-9A1E7A4F7556}") = "ShopManagement.Domain", "ShopManagement.Domain\ShopManagement.Domain.csproj", "{A5A1A49A-1308-4993-9415-B195A2441BF3}"
EndProject
Project("{9A19103F-16F7-4668-BE54-9A1E7A4F7556}") = "0_Framework", "0_Framework\0_Framework.csproj", "{D74DEFF7-04C6-4EFB-B602-67AC65BBEB52}"
EndProject
Project("{2150E333-8FDC-42A3-9474-1A3956D46DE8}") = "SM.Application", "SM.Application", "{DC72FE5E-B8F7-466F-BF7A-70713972B010}"
EndProject
Project("{9A19103F-16F7-4668-BE54-9A1E7A4F7556}") = "ShopManagement.Application.Contracts", "ShopManagement.Application.Contracts\ShopManagement.Application.Contracts.csproj", "{A42D1C68-CC21-4B7E-9D4A-F9EE7B07A5E1}"
EndProject
Project("{9A19103F-16F7-4668-BE54-9A1E7A4F7556}") = "ShopManagement.Application", "ShopManagement.Application\ShopManagement.Application.csproj", "{2F88AB6F-BA30-4853-99A3-C6B69E457CC8}"
EndProject
Project("{2150E333-8FDC-42A3-9474-1A3956D46DE8}") = "SM.Infrastructure", "SM.Infrastructure", "{8432E0E2-10E6-47C2-A0E1-6FB720C123F8}"
EndProject
Project("{9A19103F-16F7-4668-BE54-9A1E7A4F7556}") = "ShopManagement.Infrastructure.EFCore", "ShopManagement.Infrastructure.EFCore\ShopManagement.Infrastructure.EFCore.csproj", "{BE26FBC5-E2F8-435F-80A8-C3FEEF37058C}"
EndProject
Project("{9A19103F-16F7-4668-BE54-9A1E7A4F7556}") = "ShopManagement.Configuration", "ShopManagement.Configuration\ShopManagement.Configuration.csproj", "{EEA73529-72B2-4921-B6C7-E45EC8021C87}"
EndProject
Project("{9A19103F-16F7-4668-BE54-9A1E7A4F7556}") = "ServiceHost", "ServiceHost\ServiceHost.csproj", "{518DC7B0-E3C0-4A47-A655-1066BECDBBC6}"
EndProject
Project("{9A19103F-16F7-4668-BE54-9A1E7A4F7556}") = "01_LampshadeQuery", "01_LampshadeQuery\01_LampshadeQuery.csproj", "{53FF3CDF-E80C-4A65-81FB-17AC8959261C}"
EndProject
Project("{2150E333-8FDC-42A3-9474-1A3956D46DE8}") = "DiscountManagement", "DiscountManagement", "{8A9A613B-0D69-407F-B36F-DC316F1D13F7}"
EndProject
Project("{2150E333-8FDC-42A3-9474-1A3956D46DE8}") = "DM.Domain", "DM.Domain", "{36C189ED-05D4-403D-B64C-4E6B2EBA30F3}"
EndProject
Project("{9A19103F-16F7-4668-BE54-9A1E7A4F7556}") = "DiscountManagement.Domain", "DiscountManagement.Domain\DiscountManagement.Domain.csproj", "{DF0D5F4F-BCD7-4A79-A7CD-05EC49392942}"
EndProject
Project("{2150E333-8FDC-42A3-9474-1A3956D46DE8}") = "DM.Application", "DM.Application", "{D290EF0C-963F-40F9-A34B-F5075739A4BA}"
EndProject
Project("{9A19103F-16F7-4668-BE54-9A1E7A4F7556}") = "DiscountManagement.Application.Contracts", "DiscountManagement.Application.Contracts\DiscountManagement.Application.Contracts.csproj", "{D817720B-C985-4F0F-848F-AE2CB137F976}"
EndProject
Project("{9A19103F-16F7-4668-BE54-9A1E7A4F7556}") = "DiscountManagement.Application", "DiscountManagement.Application\DiscountManagement.Application.csproj", "{0D9DECCC-E985-4819-8527-E2DFF7AD676F}"
EndProject
Project("{2150E333-8FDC-42A3-9474-1A3956D46DE8}") = "DM.Infrastructure", "DM.Infrastructure", "{95467D3B-494F-455F-8EF7-1977330D8838}"
EndProject
Project("{9A19103F-16F7-4668-BE54-9A1E7A4F7556}") = "DiscountManagement.Infrastructure.EfCore", "DiscountManagement.Infrastructure.EfCore\DiscountManagement.Infrastructure.EfCore.csproj", "{5C63AC9B-80BF-40FA-AB55-DD21548F832C}"
EndProject
Project("{9A19103F-16F7-4668-BE54-9A1E7A4F7556}") = "DiscountManagement.Configuration", "DiscountManagement.Configuration\DiscountManagement.Configuration.csproj", "{71352276-8AB8-4BA7-98CE-7CD4C0312D70}"
EndProject
Project("{2150E333-8FDC-42A3-9474-1A3956D46DE8}") = "InventoryManagement", "InventoryManagement", "{8C6F61FB-F372-4F81-BEE2-C697CD09660D}"
EndProject
Project("{2150E333-8FDC-42A3-9474-1A3956D46DE8}") = "IM.Domain", "IM.Domain", "{11BEF312-0F75-4649-8672-AD8B66A7A3AD}"
EndProject
Project("{9A19103F-16F7-4668-BE54-9A1E7A4F7556}") = "InventoryManagement.Domain", "InventoryManagement.Domain\InventoryManagement.Domain.csproj", "{CA22724A-F968-4E7F-A8B8-EEE1A87F3C71}"
EndProject
Project("{2150E333-8FDC-42A3-9474-1A3956D46DE8}") = "IM.Application", "IM.Application", "{C13301E7-33DA-4A4F-BF38-19D9063A0CC6}"
EndProject
Project("{9A19103F-16F7-4668-BE54-9A1E7A4F7556}") = "InventoryManagement.Application.Contracts", "InventoryManagement.Application.Contracts\InventoryManagement.Application.Contracts.csproj", "{2A82128A-325C-4CD2-9C21-C54703073889}"
EndProject
Project("{9A19103F-16F7-4668-BE54-9A1E7A4F7556}") = "InventoryManagement.Application", "InventoryManagement.Application\InventoryManagement.Application.csproj", "{907DEDD2-D616-4520-B01B-A9BC5A3C8F1F}"
EndProject
Project("{2150E333-8FDC-42A3-9474-1A3956D46DE8}") = "IM.Infrastructure", "IM.Infrastructure", "{5745C7E1-4384-4BAB-8D70-6D4CD1B4FF2C}"
EndProject
Project("{9A19103F-16F7-4668-BE54-9A1E7A4F7556}") = "InventoryManagement.Infrastructure.EFCore", "InventoryManagement.Infrastructure.EFCore\InventoryManagement.Infrastructure.EFCore.csproj", "{6C9AE260-6E63-4BF9-9529-6C3B9235DEA3}"
EndProject
Project("{9A19103F-16F7-4668-BE54-9A1E7A4F7556}") = "InventoryManagement.Configuration", "InventoryManagement.Configuration\InventoryManagement.Configuration.csproj", "{FA634A67-9AB9-4447-9C6D-EA45D839AAF7}"
EndProject
Project("{2150E333-8FDC-42A3-9474-1A3956D46DE8}") = "BlogManagement", "BlogManagement", "{6949316E-E691-4361-8F75-1938C56957CE}"
EndProject
Project("{2150E333-8FDC-42A3-9474-1A3956D46DE8}") = "BM.Domain", "BM.Domain", "{5E6BBAAB-8028-4B37-8B30-247D2AE889C8}"
EndProject
Project("{2150E333-8FDC-42A3-9474-1A3956D46DE8}") = "BM.Application", "BM.Application", "{CAFB55F7-4BAB-4142-935C-67866830A739}"
EndProject
Project("{2150E333-8FDC-42A3-9474-1A3956D46DE8}") = "BM.Infrastructure", "BM.Infrastructure", "{EC8D04EA-717F-49ED-B755-15C567B0764A}"
EndProject
Project("{9A19103F-16F7-4668-BE54-9A1E7A4F7556}") = "BlogManagement.Domain", "BlogManagement.Domain\BlogManagement.Domain.csproj", "{C9FF6315-7B17-46B0-9C75-74E711E2BDAD}"
EndProject
Project("{9A19103F-16F7-4668-BE54-9A1E7A4F7556}") = "BlogManagement.Application.Contracts", "BlogManagement.Application.Contracts\BlogManagement.Application.Contracts.csproj", "{23E2F84E-D795-4900-BA63-1D67C17638DA}"
EndProject
Project("{9A19103F-16F7-4668-BE54-9A1E7A4F7556}") = "BlogManagement.Application", "BlogManagement.Application\BlogManagement.Application.csproj", "{3E72778B-9CD9-46C0-BEA3-8ACDD924EAB1}"
EndProject
Project("{9A19103F-16F7-4668-BE54-9A1E7A4F7556}") = "BlogManagement.Configuration", "BlogManagement.Configuration\BlogManagement.Configuration.csproj", "{9809DC61-F872-40CC-BFF2-D054830ACAE1}"
EndProject
Project("{9A19103F-16F7-4668-BE54-9A1E7A4F7556}") = "BlogManagement.Infrastructure.EFCore", "BlogManagement.Infrastructure.EFCore\BlogManagement.Infrastructure.EFCore.csproj", "{F5A1CF0B-432A-47C0-A2E0-8DDC154B57DA}"
EndProject
Project("{2150E333-8FDC-42A3-9474-1A3956D46DE8}") = "CommentManagement", "CommentManagement", "{C00CEE91-29AC-4CDF-AD2D-4AB0CC05EF9F}"
EndProject
Project("{2150E333-8FDC-42A3-9474-1A3956D46DE8}") = "CM.Domain", "CM.Domain", "{736C2070-AD9C-4DE1-87C3-9D41AE410662}"
EndProject
Project("{9A19103F-16F7-4668-BE54-9A1E7A4F7556}") = "CommentManagement.Domain", "CommentManagement.Domain\CommentManagement.Domain.csproj", "{03A065B2-36A7-4717-9D27-775B5C95F50D}"
EndProject
Project("{2150E333-8FDC-42A3-9474-1A3956D46DE8}") = "CM.Application", "CM.Application", "{2D7E8667-B53C-4B4C-B3D9-A79E8A719B7B}"
EndProject
Project("{2150E333-8FDC-42A3-9474-1A3956D46DE8}") = "CM.Infrastructure", "CM.Infrastructure", "{57822D2F-7C7C-4363-BC66-E75DB84CD3D5}"
EndProject
Project("{9A19103F-16F7-4668-BE54-9A1E7A4F7556}") = "CommentManagement.Application.Contracts", "CommentManagement.Application.Contracts\CommentManagement.Application.Contracts.csproj", "{17CA55BB-7551-4AD5-BB04-1821C78A440C}"
EndProject
Project("{9A19103F-16F7-4668-BE54-9A1E7A4F7556}") = "CommentManagement.Application", "CommentManagement.Application\CommentManagement.Application.csproj", "{0EA6D54A-DC31-4EA2-B66A-0B3CE69F1959}"
EndProject
Project("{9A19103F-16F7-4668-BE54-9A1E7A4F7556}") = "CommentManagement.Infrastructure.EFCore", "CommentManagement.Infrastructure.EFCore\CommentManagement.Infrastructure.EFCore.csproj", "{049947A5-AB16-4A08-A3FB-367FFDF049EC}"
EndProject
Project("{9A19103F-16F7-4668-BE54-9A1E7A4F7556}") = "CommentManagement.Configuration", "CommentManagement.Configuration\CommentManagement.Configuration.csproj", "{E6244894-BDB2-4AEB-841C-0770A56984C2}"
EndProject
Project("{2150E333-8FDC-42A3-9474-1A3956D46DE8}") = "AccountManagement", "AccountManagement", "{820898A4-37DD-4150-B475-3A2885EC9171}"
EndProject
Project("{2150E333-8FDC-42A3-9474-1A3956D46DE8}") = "AM.Domain", "AM.Domain", "{A522E5D2-C06D-40A6-915D-72D4D8AE4754}"
EndProject
Project("{9A19103F-16F7-4668-BE54-9A1E7A4F7556}") = "AccountManagement.Domain", "AccountManagement.Domain\AccountManagement.Domain.csproj", "{7799EFEA-A575-47D1-9701-F2F881FF81D1}"
EndProject
Project("{2150E333-8FDC-42A3-9474-1A3956D46DE8}") = "AM.Application", "AM.Application", "{CF8C25C4-B2C6-4808-BF30-7F72254E7DFB}"
EndProject
Project("{9A19103F-16F7-4668-BE54-9A1E7A4F7556}") = "AccountManagement.Application.Contracts", "AccountManagement.Application.Contracts\AccountManagement.Application.Contracts.csproj", "{AD0F8609-5AFB-4AE0-BEBE-191B8DE2673C}"
EndProject
Project("{9A19103F-16F7-4668-BE54-9A1E7A4F7556}") = "AccountManagement.Application", "AccountManagement.Application\AccountManagement.Application.csproj", "{3D7FA220-7A29-4CBD-96B4-E9DB4A058DB8}"
EndProject
Project("{2150E333-8FDC-42A3-9474-1A3956D46DE8}") = "AM.Infrastructure", "AM.Infrastructure", "{D9FF1C1E-2B74-4E4E-AF4F-058930CCB639}"
EndProject
Project("{9A19103F-16F7-4668-BE54-9A1E7A4F7556}") = "AccountManagement.Infrastructure.EFCore", "AccountManagement.Infrastructure.EFCore\AccountManagement.Infrastructure.EFCore.csproj", "{E4B4B85E-B6F7-40C6-A870-C7914423C5B5}"
EndProject
Project("{9A19103F-16F7-4668-BE54-9A1E7A4F7556}") = "AccountManagement.Configuration", "AccountManagement.Configuration\AccountManagement.Configuration.csproj", "{1C8AE353-2851-4D96-9DFF-D254CD1BABC6}"
EndProject
Global
	GlobalSection(SolutionConfigurationPlatforms) = preSolution
		Debug|Any CPU = Debug|Any CPU
		Release|Any CPU = Release|Any CPU
	EndGlobalSection
	GlobalSection(ProjectConfigurationPlatforms) = postSolution
		{A5A1A49A-1308-4993-9415-B195A2441BF3}.Debug|Any CPU.ActiveCfg = Debug|Any CPU
		{A5A1A49A-1308-4993-9415-B195A2441BF3}.Debug|Any CPU.Build.0 = Debug|Any CPU
		{A5A1A49A-1308-4993-9415-B195A2441BF3}.Release|Any CPU.ActiveCfg = Release|Any CPU
		{A5A1A49A-1308-4993-9415-B195A2441BF3}.Release|Any CPU.Build.0 = Release|Any CPU
		{D74DEFF7-04C6-4EFB-B602-67AC65BBEB52}.Debug|Any CPU.ActiveCfg = Debug|Any CPU
		{D74DEFF7-04C6-4EFB-B602-67AC65BBEB52}.Debug|Any CPU.Build.0 = Debug|Any CPU
		{D74DEFF7-04C6-4EFB-B602-67AC65BBEB52}.Release|Any CPU.ActiveCfg = Release|Any CPU
		{D74DEFF7-04C6-4EFB-B602-67AC65BBEB52}.Release|Any CPU.Build.0 = Release|Any CPU
		{A42D1C68-CC21-4B7E-9D4A-F9EE7B07A5E1}.Debug|Any CPU.ActiveCfg = Debug|Any CPU
		{A42D1C68-CC21-4B7E-9D4A-F9EE7B07A5E1}.Debug|Any CPU.Build.0 = Debug|Any CPU
		{A42D1C68-CC21-4B7E-9D4A-F9EE7B07A5E1}.Release|Any CPU.ActiveCfg = Release|Any CPU
		{A42D1C68-CC21-4B7E-9D4A-F9EE7B07A5E1}.Release|Any CPU.Build.0 = Release|Any CPU
		{2F88AB6F-BA30-4853-99A3-C6B69E457CC8}.Debug|Any CPU.ActiveCfg = Debug|Any CPU
		{2F88AB6F-BA30-4853-99A3-C6B69E457CC8}.Debug|Any CPU.Build.0 = Debug|Any CPU
		{2F88AB6F-BA30-4853-99A3-C6B69E457CC8}.Release|Any CPU.ActiveCfg = Release|Any CPU
		{2F88AB6F-BA30-4853-99A3-C6B69E457CC8}.Release|Any CPU.Build.0 = Release|Any CPU
		{BE26FBC5-E2F8-435F-80A8-C3FEEF37058C}.Debug|Any CPU.ActiveCfg = Debug|Any CPU
		{BE26FBC5-E2F8-435F-80A8-C3FEEF37058C}.Debug|Any CPU.Build.0 = Debug|Any CPU
		{BE26FBC5-E2F8-435F-80A8-C3FEEF37058C}.Release|Any CPU.ActiveCfg = Release|Any CPU
		{BE26FBC5-E2F8-435F-80A8-C3FEEF37058C}.Release|Any CPU.Build.0 = Release|Any CPU
		{EEA73529-72B2-4921-B6C7-E45EC8021C87}.Debug|Any CPU.ActiveCfg = Debug|Any CPU
		{EEA73529-72B2-4921-B6C7-E45EC8021C87}.Debug|Any CPU.Build.0 = Debug|Any CPU
		{EEA73529-72B2-4921-B6C7-E45EC8021C87}.Release|Any CPU.ActiveCfg = Release|Any CPU
		{EEA73529-72B2-4921-B6C7-E45EC8021C87}.Release|Any CPU.Build.0 = Release|Any CPU
		{518DC7B0-E3C0-4A47-A655-1066BECDBBC6}.Debug|Any CPU.ActiveCfg = Debug|Any CPU
		{518DC7B0-E3C0-4A47-A655-1066BECDBBC6}.Debug|Any CPU.Build.0 = Debug|Any CPU
		{518DC7B0-E3C0-4A47-A655-1066BECDBBC6}.Release|Any CPU.ActiveCfg = Release|Any CPU
		{518DC7B0-E3C0-4A47-A655-1066BECDBBC6}.Release|Any CPU.Build.0 = Release|Any CPU
		{53FF3CDF-E80C-4A65-81FB-17AC8959261C}.Debug|Any CPU.ActiveCfg = Debug|Any CPU
		{53FF3CDF-E80C-4A65-81FB-17AC8959261C}.Debug|Any CPU.Build.0 = Debug|Any CPU
		{53FF3CDF-E80C-4A65-81FB-17AC8959261C}.Release|Any CPU.ActiveCfg = Release|Any CPU
		{53FF3CDF-E80C-4A65-81FB-17AC8959261C}.Release|Any CPU.Build.0 = Release|Any CPU
		{DF0D5F4F-BCD7-4A79-A7CD-05EC49392942}.Debug|Any CPU.ActiveCfg = Debug|Any CPU
		{DF0D5F4F-BCD7-4A79-A7CD-05EC49392942}.Debug|Any CPU.Build.0 = Debug|Any CPU
		{DF0D5F4F-BCD7-4A79-A7CD-05EC49392942}.Release|Any CPU.ActiveCfg = Release|Any CPU
		{DF0D5F4F-BCD7-4A79-A7CD-05EC49392942}.Release|Any CPU.Build.0 = Release|Any CPU
		{D817720B-C985-4F0F-848F-AE2CB137F976}.Debug|Any CPU.ActiveCfg = Debug|Any CPU
		{D817720B-C985-4F0F-848F-AE2CB137F976}.Debug|Any CPU.Build.0 = Debug|Any CPU
		{D817720B-C985-4F0F-848F-AE2CB137F976}.Release|Any CPU.ActiveCfg = Release|Any CPU
		{D817720B-C985-4F0F-848F-AE2CB137F976}.Release|Any CPU.Build.0 = Release|Any CPU
		{0D9DECCC-E985-4819-8527-E2DFF7AD676F}.Debug|Any CPU.ActiveCfg = Debug|Any CPU
		{0D9DECCC-E985-4819-8527-E2DFF7AD676F}.Debug|Any CPU.Build.0 = Debug|Any CPU
		{0D9DECCC-E985-4819-8527-E2DFF7AD676F}.Release|Any CPU.ActiveCfg = Release|Any CPU
		{0D9DECCC-E985-4819-8527-E2DFF7AD676F}.Release|Any CPU.Build.0 = Release|Any CPU
		{5C63AC9B-80BF-40FA-AB55-DD21548F832C}.Debug|Any CPU.ActiveCfg = Debug|Any CPU
		{5C63AC9B-80BF-40FA-AB55-DD21548F832C}.Debug|Any CPU.Build.0 = Debug|Any CPU
		{5C63AC9B-80BF-40FA-AB55-DD21548F832C}.Release|Any CPU.ActiveCfg = Release|Any CPU
		{5C63AC9B-80BF-40FA-AB55-DD21548F832C}.Release|Any CPU.Build.0 = Release|Any CPU
		{71352276-8AB8-4BA7-98CE-7CD4C0312D70}.Debug|Any CPU.ActiveCfg = Debug|Any CPU
		{71352276-8AB8-4BA7-98CE-7CD4C0312D70}.Debug|Any CPU.Build.0 = Debug|Any CPU
		{71352276-8AB8-4BA7-98CE-7CD4C0312D70}.Release|Any CPU.ActiveCfg = Release|Any CPU
		{71352276-8AB8-4BA7-98CE-7CD4C0312D70}.Release|Any CPU.Build.0 = Release|Any CPU
		{CA22724A-F968-4E7F-A8B8-EEE1A87F3C71}.Debug|Any CPU.ActiveCfg = Debug|Any CPU
		{CA22724A-F968-4E7F-A8B8-EEE1A87F3C71}.Debug|Any CPU.Build.0 = Debug|Any CPU
		{CA22724A-F968-4E7F-A8B8-EEE1A87F3C71}.Release|Any CPU.ActiveCfg = Release|Any CPU
		{CA22724A-F968-4E7F-A8B8-EEE1A87F3C71}.Release|Any CPU.Build.0 = Release|Any CPU
		{2A82128A-325C-4CD2-9C21-C54703073889}.Debug|Any CPU.ActiveCfg = Debug|Any CPU
		{2A82128A-325C-4CD2-9C21-C54703073889}.Debug|Any CPU.Build.0 = Debug|Any CPU
		{2A82128A-325C-4CD2-9C21-C54703073889}.Release|Any CPU.ActiveCfg = Release|Any CPU
		{2A82128A-325C-4CD2-9C21-C54703073889}.Release|Any CPU.Build.0 = Release|Any CPU
		{907DEDD2-D616-4520-B01B-A9BC5A3C8F1F}.Debug|Any CPU.ActiveCfg = Debug|Any CPU
		{907DEDD2-D616-4520-B01B-A9BC5A3C8F1F}.Debug|Any CPU.Build.0 = Debug|Any CPU
		{907DEDD2-D616-4520-B01B-A9BC5A3C8F1F}.Release|Any CPU.ActiveCfg = Release|Any CPU
		{907DEDD2-D616-4520-B01B-A9BC5A3C8F1F}.Release|Any CPU.Build.0 = Release|Any CPU
		{6C9AE260-6E63-4BF9-9529-6C3B9235DEA3}.Debug|Any CPU.ActiveCfg = Debug|Any CPU
		{6C9AE260-6E63-4BF9-9529-6C3B9235DEA3}.Debug|Any CPU.Build.0 = Debug|Any CPU
		{6C9AE260-6E63-4BF9-9529-6C3B9235DEA3}.Release|Any CPU.ActiveCfg = Release|Any CPU
		{6C9AE260-6E63-4BF9-9529-6C3B9235DEA3}.Release|Any CPU.Build.0 = Release|Any CPU
		{FA634A67-9AB9-4447-9C6D-EA45D839AAF7}.Debug|Any CPU.ActiveCfg = Debug|Any CPU
		{FA634A67-9AB9-4447-9C6D-EA45D839AAF7}.Debug|Any CPU.Build.0 = Debug|Any CPU
		{FA634A67-9AB9-4447-9C6D-EA45D839AAF7}.Release|Any CPU.ActiveCfg = Release|Any CPU
		{FA634A67-9AB9-4447-9C6D-EA45D839AAF7}.Release|Any CPU.Build.0 = Release|Any CPU
		{C9FF6315-7B17-46B0-9C75-74E711E2BDAD}.Debug|Any CPU.ActiveCfg = Debug|Any CPU
		{C9FF6315-7B17-46B0-9C75-74E711E2BDAD}.Debug|Any CPU.Build.0 = Debug|Any CPU
		{C9FF6315-7B17-46B0-9C75-74E711E2BDAD}.Release|Any CPU.ActiveCfg = Release|Any CPU
		{C9FF6315-7B17-46B0-9C75-74E711E2BDAD}.Release|Any CPU.Build.0 = Release|Any CPU
		{23E2F84E-D795-4900-BA63-1D67C17638DA}.Debug|Any CPU.ActiveCfg = Debug|Any CPU
		{23E2F84E-D795-4900-BA63-1D67C17638DA}.Debug|Any CPU.Build.0 = Debug|Any CPU
		{23E2F84E-D795-4900-BA63-1D67C17638DA}.Release|Any CPU.ActiveCfg = Release|Any CPU
		{23E2F84E-D795-4900-BA63-1D67C17638DA}.Release|Any CPU.Build.0 = Release|Any CPU
		{3E72778B-9CD9-46C0-BEA3-8ACDD924EAB1}.Debug|Any CPU.ActiveCfg = Debug|Any CPU
		{3E72778B-9CD9-46C0-BEA3-8ACDD924EAB1}.Debug|Any CPU.Build.0 = Debug|Any CPU
		{3E72778B-9CD9-46C0-BEA3-8ACDD924EAB1}.Release|Any CPU.ActiveCfg = Release|Any CPU
		{3E72778B-9CD9-46C0-BEA3-8ACDD924EAB1}.Release|Any CPU.Build.0 = Release|Any CPU
		{9809DC61-F872-40CC-BFF2-D054830ACAE1}.Debug|Any CPU.ActiveCfg = Debug|Any CPU
		{9809DC61-F872-40CC-BFF2-D054830ACAE1}.Debug|Any CPU.Build.0 = Debug|Any CPU
		{9809DC61-F872-40CC-BFF2-D054830ACAE1}.Release|Any CPU.ActiveCfg = Release|Any CPU
		{9809DC61-F872-40CC-BFF2-D054830ACAE1}.Release|Any CPU.Build.0 = Release|Any CPU
		{F5A1CF0B-432A-47C0-A2E0-8DDC154B57DA}.Debug|Any CPU.ActiveCfg = Debug|Any CPU
		{F5A1CF0B-432A-47C0-A2E0-8DDC154B57DA}.Debug|Any CPU.Build.0 = Debug|Any CPU
		{F5A1CF0B-432A-47C0-A2E0-8DDC154B57DA}.Release|Any CPU.ActiveCfg = Release|Any CPU
		{F5A1CF0B-432A-47C0-A2E0-8DDC154B57DA}.Release|Any CPU.Build.0 = Release|Any CPU
		{03A065B2-36A7-4717-9D27-775B5C95F50D}.Debug|Any CPU.ActiveCfg = Debug|Any CPU
		{03A065B2-36A7-4717-9D27-775B5C95F50D}.Debug|Any CPU.Build.0 = Debug|Any CPU
		{03A065B2-36A7-4717-9D27-775B5C95F50D}.Release|Any CPU.ActiveCfg = Release|Any CPU
		{03A065B2-36A7-4717-9D27-775B5C95F50D}.Release|Any CPU.Build.0 = Release|Any CPU
		{17CA55BB-7551-4AD5-BB04-1821C78A440C}.Debug|Any CPU.ActiveCfg = Debug|Any CPU
		{17CA55BB-7551-4AD5-BB04-1821C78A440C}.Debug|Any CPU.Build.0 = Debug|Any CPU
		{17CA55BB-7551-4AD5-BB04-1821C78A440C}.Release|Any CPU.ActiveCfg = Release|Any CPU
		{17CA55BB-7551-4AD5-BB04-1821C78A440C}.Release|Any CPU.Build.0 = Release|Any CPU
		{0EA6D54A-DC31-4EA2-B66A-0B3CE69F1959}.Debug|Any CPU.ActiveCfg = Debug|Any CPU
		{0EA6D54A-DC31-4EA2-B66A-0B3CE69F1959}.Debug|Any CPU.Build.0 = Debug|Any CPU
		{0EA6D54A-DC31-4EA2-B66A-0B3CE69F1959}.Release|Any CPU.ActiveCfg = Release|Any CPU
		{0EA6D54A-DC31-4EA2-B66A-0B3CE69F1959}.Release|Any CPU.Build.0 = Release|Any CPU
		{049947A5-AB16-4A08-A3FB-367FFDF049EC}.Debug|Any CPU.ActiveCfg = Debug|Any CPU
		{049947A5-AB16-4A08-A3FB-367FFDF049EC}.Debug|Any CPU.Build.0 = Debug|Any CPU
		{049947A5-AB16-4A08-A3FB-367FFDF049EC}.Release|Any CPU.ActiveCfg = Release|Any CPU
		{049947A5-AB16-4A08-A3FB-367FFDF049EC}.Release|Any CPU.Build.0 = Release|Any CPU
		{E6244894-BDB2-4AEB-841C-0770A56984C2}.Debug|Any CPU.ActiveCfg = Debug|Any CPU
		{E6244894-BDB2-4AEB-841C-0770A56984C2}.Debug|Any CPU.Build.0 = Debug|Any CPU
		{E6244894-BDB2-4AEB-841C-0770A56984C2}.Release|Any CPU.ActiveCfg = Release|Any CPU
		{E6244894-BDB2-4AEB-841C-0770A56984C2}.Release|Any CPU.Build.0 = Release|Any CPU
		{7799EFEA-A575-47D1-9701-F2F881FF81D1}.Debug|Any CPU.ActiveCfg = Debug|Any CPU
		{7799EFEA-A575-47D1-9701-F2F881FF81D1}.Debug|Any CPU.Build.0 = Debug|Any CPU
		{7799EFEA-A575-47D1-9701-F2F881FF81D1}.Release|Any CPU.ActiveCfg = Release|Any CPU
		{7799EFEA-A575-47D1-9701-F2F881FF81D1}.Release|Any CPU.Build.0 = Release|Any CPU
		{AD0F8609-5AFB-4AE0-BEBE-191B8DE2673C}.Debug|Any CPU.ActiveCfg = Debug|Any CPU
		{AD0F8609-5AFB-4AE0-BEBE-191B8DE2673C}.Debug|Any CPU.Build.0 = Debug|Any CPU
		{AD0F8609-5AFB-4AE0-BEBE-191B8DE2673C}.Release|Any CPU.ActiveCfg = Release|Any CPU
		{AD0F8609-5AFB-4AE0-BEBE-191B8DE2673C}.Release|Any CPU.Build.0 = Release|Any CPU
		{3D7FA220-7A29-4CBD-96B4-E9DB4A058DB8}.Debug|Any CPU.ActiveCfg = Debug|Any CPU
		{3D7FA220-7A29-4CBD-96B4-E9DB4A058DB8}.Debug|Any CPU.Build.0 = Debug|Any CPU
		{3D7FA220-7A29-4CBD-96B4-E9DB4A058DB8}.Release|Any CPU.ActiveCfg = Release|Any CPU
		{3D7FA220-7A29-4CBD-96B4-E9DB4A058DB8}.Release|Any CPU.Build.0 = Release|Any CPU
		{E4B4B85E-B6F7-40C6-A870-C7914423C5B5}.Debug|Any CPU.ActiveCfg = Debug|Any CPU
		{E4B4B85E-B6F7-40C6-A870-C7914423C5B5}.Debug|Any CPU.Build.0 = Debug|Any CPU
		{E4B4B85E-B6F7-40C6-A870-C7914423C5B5}.Release|Any CPU.ActiveCfg = Release|Any CPU
		{E4B4B85E-B6F7-40C6-A870-C7914423C5B5}.Release|Any CPU.Build.0 = Release|Any CPU
		{1C8AE353-2851-4D96-9DFF-D254CD1BABC6}.Debug|Any CPU.ActiveCfg = Debug|Any CPU
		{1C8AE353-2851-4D96-9DFF-D254CD1BABC6}.Debug|Any CPU.Build.0 = Debug|Any CPU
		{1C8AE353-2851-4D96-9DFF-D254CD1BABC6}.Release|Any CPU.ActiveCfg = Release|Any CPU
		{1C8AE353-2851-4D96-9DFF-D254CD1BABC6}.Release|Any CPU.Build.0 = Release|Any CPU
	EndGlobalSection
	GlobalSection(SolutionProperties) = preSolution
		HideSolutionNode = FALSE
	EndGlobalSection
	GlobalSection(NestedProjects) = preSolution
		{5DCF0964-7272-4777-B9D1-27533AD600F2} = {CD826D33-4931-454E-A316-43E7DDD07909}
		{A5A1A49A-1308-4993-9415-B195A2441BF3} = {5DCF0964-7272-4777-B9D1-27533AD600F2}
		{DC72FE5E-B8F7-466F-BF7A-70713972B010} = {CD826D33-4931-454E-A316-43E7DDD07909}
		{A42D1C68-CC21-4B7E-9D4A-F9EE7B07A5E1} = {DC72FE5E-B8F7-466F-BF7A-70713972B010}
		{2F88AB6F-BA30-4853-99A3-C6B69E457CC8} = {DC72FE5E-B8F7-466F-BF7A-70713972B010}
		{8432E0E2-10E6-47C2-A0E1-6FB720C123F8} = {CD826D33-4931-454E-A316-43E7DDD07909}
		{BE26FBC5-E2F8-435F-80A8-C3FEEF37058C} = {8432E0E2-10E6-47C2-A0E1-6FB720C123F8}
		{EEA73529-72B2-4921-B6C7-E45EC8021C87} = {8432E0E2-10E6-47C2-A0E1-6FB720C123F8}
		{36C189ED-05D4-403D-B64C-4E6B2EBA30F3} = {8A9A613B-0D69-407F-B36F-DC316F1D13F7}
		{DF0D5F4F-BCD7-4A79-A7CD-05EC49392942} = {36C189ED-05D4-403D-B64C-4E6B2EBA30F3}
		{D290EF0C-963F-40F9-A34B-F5075739A4BA} = {8A9A613B-0D69-407F-B36F-DC316F1D13F7}
		{D817720B-C985-4F0F-848F-AE2CB137F976} = {D290EF0C-963F-40F9-A34B-F5075739A4BA}
		{0D9DECCC-E985-4819-8527-E2DFF7AD676F} = {D290EF0C-963F-40F9-A34B-F5075739A4BA}
		{95467D3B-494F-455F-8EF7-1977330D8838} = {8A9A613B-0D69-407F-B36F-DC316F1D13F7}
		{5C63AC9B-80BF-40FA-AB55-DD21548F832C} = {95467D3B-494F-455F-8EF7-1977330D8838}
		{71352276-8AB8-4BA7-98CE-7CD4C0312D70} = {95467D3B-494F-455F-8EF7-1977330D8838}
		{11BEF312-0F75-4649-8672-AD8B66A7A3AD} = {8C6F61FB-F372-4F81-BEE2-C697CD09660D}
		{CA22724A-F968-4E7F-A8B8-EEE1A87F3C71} = {11BEF312-0F75-4649-8672-AD8B66A7A3AD}
		{C13301E7-33DA-4A4F-BF38-19D9063A0CC6} = {8C6F61FB-F372-4F81-BEE2-C697CD09660D}
		{2A82128A-325C-4CD2-9C21-C54703073889} = {C13301E7-33DA-4A4F-BF38-19D9063A0CC6}
		{907DEDD2-D616-4520-B01B-A9BC5A3C8F1F} = {C13301E7-33DA-4A4F-BF38-19D9063A0CC6}
		{5745C7E1-4384-4BAB-8D70-6D4CD1B4FF2C} = {8C6F61FB-F372-4F81-BEE2-C697CD09660D}
		{6C9AE260-6E63-4BF9-9529-6C3B9235DEA3} = {5745C7E1-4384-4BAB-8D70-6D4CD1B4FF2C}
		{FA634A67-9AB9-4447-9C6D-EA45D839AAF7} = {5745C7E1-4384-4BAB-8D70-6D4CD1B4FF2C}
		{5E6BBAAB-8028-4B37-8B30-247D2AE889C8} = {6949316E-E691-4361-8F75-1938C56957CE}
		{CAFB55F7-4BAB-4142-935C-67866830A739} = {6949316E-E691-4361-8F75-1938C56957CE}
		{EC8D04EA-717F-49ED-B755-15C567B0764A} = {6949316E-E691-4361-8F75-1938C56957CE}
		{C9FF6315-7B17-46B0-9C75-74E711E2BDAD} = {5E6BBAAB-8028-4B37-8B30-247D2AE889C8}
		{23E2F84E-D795-4900-BA63-1D67C17638DA} = {CAFB55F7-4BAB-4142-935C-67866830A739}
		{3E72778B-9CD9-46C0-BEA3-8ACDD924EAB1} = {CAFB55F7-4BAB-4142-935C-67866830A739}
		{9809DC61-F872-40CC-BFF2-D054830ACAE1} = {EC8D04EA-717F-49ED-B755-15C567B0764A}
		{F5A1CF0B-432A-47C0-A2E0-8DDC154B57DA} = {EC8D04EA-717F-49ED-B755-15C567B0764A}
		{736C2070-AD9C-4DE1-87C3-9D41AE410662} = {C00CEE91-29AC-4CDF-AD2D-4AB0CC05EF9F}
		{03A065B2-36A7-4717-9D27-775B5C95F50D} = {736C2070-AD9C-4DE1-87C3-9D41AE410662}
		{2D7E8667-B53C-4B4C-B3D9-A79E8A719B7B} = {C00CEE91-29AC-4CDF-AD2D-4AB0CC05EF9F}
		{57822D2F-7C7C-4363-BC66-E75DB84CD3D5} = {C00CEE91-29AC-4CDF-AD2D-4AB0CC05EF9F}
		{17CA55BB-7551-4AD5-BB04-1821C78A440C} = {2D7E8667-B53C-4B4C-B3D9-A79E8A719B7B}
		{0EA6D54A-DC31-4EA2-B66A-0B3CE69F1959} = {2D7E8667-B53C-4B4C-B3D9-A79E8A719B7B}
		{049947A5-AB16-4A08-A3FB-367FFDF049EC} = {57822D2F-7C7C-4363-BC66-E75DB84CD3D5}
		{E6244894-BDB2-4AEB-841C-0770A56984C2} = {57822D2F-7C7C-4363-BC66-E75DB84CD3D5}
		{A522E5D2-C06D-40A6-915D-72D4D8AE4754} = {820898A4-37DD-4150-B475-3A2885EC9171}
		{7799EFEA-A575-47D1-9701-F2F881FF81D1} = {A522E5D2-C06D-40A6-915D-72D4D8AE4754}
		{CF8C25C4-B2C6-4808-BF30-7F72254E7DFB} = {820898A4-37DD-4150-B475-3A2885EC9171}
		{AD0F8609-5AFB-4AE0-BEBE-191B8DE2673C} = {CF8C25C4-B2C6-4808-BF30-7F72254E7DFB}
		{3D7FA220-7A29-4CBD-96B4-E9DB4A058DB8} = {CF8C25C4-B2C6-4808-BF30-7F72254E7DFB}
		{D9FF1C1E-2B74-4E4E-AF4F-058930CCB639} = {820898A4-37DD-4150-B475-3A2885EC9171}
		{E4B4B85E-B6F7-40C6-A870-C7914423C5B5} = {D9FF1C1E-2B74-4E4E-AF4F-058930CCB639}
		{1C8AE353-2851-4D96-9DFF-D254CD1BABC6} = {D9FF1C1E-2B74-4E4E-AF4F-058930CCB639}
	EndGlobalSection
	GlobalSection(ExtensibilityGlobals) = postSolution
		SolutionGuid = {689B0205-19A4-42D8-9DC2-BE99A45C0A34}
	EndGlobalSection
EndGlobal
